
Microsoft Visual Studio Solution File, Format Version 12.00
# Visual Studio 15
VisualStudioVersion = 15.0.27428.2015
MinimumVisualStudioVersion = 10.0.40219.1
Project("{FAE04EC0-301F-11D3-BF4B-00C04F79EFBC}") = "jeu", "jeu\jeu.csproj", "{230D4764-A5C1-4BD3-9C96-50F5C5DFD1AF}"
EndProject
Global
	GlobalSection(SolutionConfigurationPlatforms) = preSolution
		Debug|Any CPU = Debug|Any CPU
		Release|Any CPU = Release|Any CPU
	EndGlobalSection
	GlobalSection(ProjectConfigurationPlatforms) = postSolution
		{230D4764-A5C1-4BD3-9C96-50F5C5DFD1AF}.Debug|Any CPU.ActiveCfg = Debug|Any CPU
		{230D4764-A5C1-4BD3-9C96-50F5C5DFD1AF}.Debug|Any CPU.Build.0 = Debug|Any CPU
		{230D4764-A5C1-4BD3-9C96-50F5C5DFD1AF}.Release|Any CPU.ActiveCfg = Release|Any CPU
		{230D4764-A5C1-4BD3-9C96-50F5C5DFD1AF}.Release|Any CPU.Build.0 = Release|Any CPU
	EndGlobalSection
	GlobalSection(SolutionProperties) = preSolution
		HideSolutionNode = FALSE
	EndGlobalSection
	GlobalSection(ExtensibilityGlobals) = postSolution
		SolutionGuid = {03243BA9-2B60-41E2-878B-9A07D22196E6}
	EndGlobalSection
EndGlobal
